
Microsoft Visual Studio Solution File, Format Version 12.00
# Visual Studio Version 17
VisualStudioVersion = 17.1.32210.238
MinimumVisualStudioVersion = 10.0.40219.1
Project("{9A19103F-16F7-4668-BE54-9A1E7A4F7556}") = "BethanysPieShopHRM.App", "BethanysPieShopHRM.App\BethanysPieShopHRM.App.csproj", "{F4FA5C26-0E8D-4C09-BDA9-E7A2DF3665C1}"
EndProject
Project("{9A19103F-16F7-4668-BE54-9A1E7A4F7556}") = "BethanysPieShopHRM.Shared", "BethanysPieShopHRM.Shared\BethanysPieShopHRM.Shared.csproj", "{3DEEB45D-FB18-4475-BF56-485AB610BBA9}"
EndProject
Project("{9A19103F-16F7-4668-BE54-9A1E7A4F7556}") = "BethanysPieShopHRM.Api", "BethanysPieShopHRM.Api\BethanysPieShopHRM.Api.csproj", "{8ECCEAE0-3D2C-4157-8AD7-BCB7CDA35292}"
EndProject
Project("{9A19103F-16F7-4668-BE54-9A1E7A4F7556}") = "BethanysPieShopHRM.ComponentsLibrary", "BethanysPieShopHRM.ComponentsLibrary\BethanysPieShopHRM.ComponentsLibrary.csproj", "{B7B79AFF-7C7F-41C8-9F01-E9C8D0F4AF1C}"
EndProject
Global
	GlobalSection(SolutionConfigurationPlatforms) = preSolution
		Debug|Any CPU = Debug|Any CPU
		Release|Any CPU = Release|Any CPU
	EndGlobalSection
	GlobalSection(ProjectConfigurationPlatforms) = postSolution
		{F4FA5C26-0E8D-4C09-BDA9-E7A2DF3665C1}.Debug|Any CPU.ActiveCfg = Debug|Any CPU
		{F4FA5C26-0E8D-4C09-BDA9-E7A2DF3665C1}.Debug|Any CPU.Build.0 = Debug|Any CPU
		{F4FA5C26-0E8D-4C09-BDA9-E7A2DF3665C1}.Release|Any CPU.ActiveCfg = Release|Any CPU
		{F4FA5C26-0E8D-4C09-BDA9-E7A2DF3665C1}.Release|Any CPU.Build.0 = Release|Any CPU
		{3DEEB45D-FB18-4475-BF56-485AB610BBA9}.Debug|Any CPU.ActiveCfg = Debug|Any CPU
		{3DEEB45D-FB18-4475-BF56-485AB610BBA9}.Debug|Any CPU.Build.0 = Debug|Any CPU
		{3DEEB45D-FB18-4475-BF56-485AB610BBA9}.Release|Any CPU.ActiveCfg = Release|Any CPU
		{3DEEB45D-FB18-4475-BF56-485AB610BBA9}.Release|Any CPU.Build.0 = Release|Any CPU
		{8ECCEAE0-3D2C-4157-8AD7-BCB7CDA35292}.Debug|Any CPU.ActiveCfg = Debug|Any CPU
		{8ECCEAE0-3D2C-4157-8AD7-BCB7CDA35292}.Debug|Any CPU.Build.0 = Debug|Any CPU
		{8ECCEAE0-3D2C-4157-8AD7-BCB7CDA35292}.Release|Any CPU.ActiveCfg = Release|Any CPU
		{8ECCEAE0-3D2C-4157-8AD7-BCB7CDA35292}.Release|Any CPU.Build.0 = Release|Any CPU
		{B7B79AFF-7C7F-41C8-9F01-E9C8D0F4AF1C}.Debug|Any CPU.ActiveCfg = Debug|Any CPU
		{B7B79AFF-7C7F-41C8-9F01-E9C8D0F4AF1C}.Debug|Any CPU.Build.0 = Debug|Any CPU
		{B7B79AFF-7C7F-41C8-9F01-E9C8D0F4AF1C}.Release|Any CPU.ActiveCfg = Release|Any CPU
		{B7B79AFF-7C7F-41C8-9F01-E9C8D0F4AF1C}.Release|Any CPU.Build.0 = Release|Any CPU
	EndGlobalSection
	GlobalSection(SolutionProperties) = preSolution
		HideSolutionNode = FALSE
	EndGlobalSection
	GlobalSection(ExtensibilityGlobals) = postSolution
		SolutionGuid = {1A0209B3-D215-4BB4-9A3C-3DEB80F2579C}
	EndGlobalSection
EndGlobal
